PODS:
  - Base64 (1.1.2)
  - boost (1.76.0)
  - Branch (1.43.2)
  - BVLinearGradient (2.5.6):
    - React
  - CocoaAsyncSocket (7.6.5)
  - DoubleConversion (1.1.6)
  - FBLazyVector (0.71.15)
  - FBReactNativeSpec (0.71.15):
    - RCT-Folly (= 2021.07.22.00)
    - RCTRequired (= 0.71.15)
    - RCTTypeSafety (= 0.71.15)
    - React-Core (= 0.71.15)
    - React-jsi (= 0.71.15)
    - ReactCommon/turbomodule/core (= 0.71.15)
  - Flipper (0.125.0):
    - Flipper-Folly (~> 2.6)
    - Flipper-RSocket (~> 1.4)
  - Flipper-Boost-iOSX (1.76.0.1.11)
  - Flipper-DoubleConversion (3.2.0.1)
  - Flipper-Fmt (7.1.7)
  - Flipper-Folly (2.6.10):
    - Flipper-Boost-iOSX
    - Flipper-DoubleConversion
    - Flipper-Fmt (= 7.1.7)
    - Flipper-Glog
    - libevent (~> 2.1.12)
    - OpenSSL-Universal (= 1.1.1100)
  - Flipper-Glog (0.5.0.5)
  - Flipper-PeerTalk (0.0.4)
  - Flipper-RSocket (1.4.3):
    - Flipper-Folly (~> 2.6)
  - FlipperKit (0.125.0):
    - FlipperKit/Core (= 0.125.0)
  - FlipperKit/Core (0.125.0):
    - Flipper (~> 0.125.0)
    - FlipperKit/CppBridge
    - FlipperKit/FBCxxFollyDynamicConvert
    - FlipperKit/FBDefines
    - FlipperKit/FKPortForwarding
    - SocketRocket (~> 0.6.0)
  - FlipperKit/CppBridge (0.125.0):
    - Flipper (~> 0.125.0)
  - FlipperKit/FBCxxFollyDynamicConvert (0.125.0):
    - Flipper-Folly (~> 2.6)
  - FlipperKit/FBDefines (0.125.0)
  - FlipperKit/FKPortForwarding (0.125.0):
    - CocoaAsyncSocket (~> 7.6)
    - Flipper-PeerTalk (~> 0.0.4)
  - FlipperKit/FlipperKitHighlightOverlay (0.125.0)
  - FlipperKit/FlipperKitLayoutHelpers (0.125.0):
    - FlipperKit/Core
    - FlipperKit/FlipperKitHighlightOverlay
    - FlipperKit/FlipperKitLayoutTextSearchable
  - FlipperKit/FlipperKitLayoutIOSDescriptors (0.125.0):
    - FlipperKit/Core
    - FlipperKit/FlipperKitHighlightOverlay
    - FlipperKit/FlipperKitLayoutHelpers
    - YogaKit (~> 1.18)
  - FlipperKit/FlipperKitLayoutPlugin (0.125.0):
    - FlipperKit/Core
    - FlipperKit/FlipperKitHighlightOverlay
    - FlipperKit/FlipperKitLayoutHelpers
    - FlipperKit/FlipperKitLayoutIOSDescriptors
    - FlipperKit/FlipperKitLayoutTextSearchable
    - YogaKit (~> 1.18)
  - FlipperKit/FlipperKitLayoutTextSearchable (0.125.0)
  - FlipperKit/FlipperKitNetworkPlugin (0.125.0):
    - FlipperKit/Core
  - FlipperKit/FlipperKitReactPlugin (0.125.0):
    - FlipperKit/Core
  - FlipperKit/FlipperKitUserDefaultsPlugin (0.125.0):
    - FlipperKit/Core
  - FlipperKit/SKIOSNetworkPlugin (0.125.0):
    - FlipperKit/Core
    - FlipperKit/FlipperKitNetworkPlugin
  - fmt (6.2.1)
  - glog (0.3.5)
  - GZIP (1.3.1)
  - GzipSwift (5.1.1)
  - libevent (2.1.12)
  - lottie-ios (3.4.1)
  - lottie-react-native (5.1.5):
    - lottie-ios (~> 3.4.0)
    - React-Core
  - MMKV (1.3.3):
    - MMKVCore (~> 1.3.3)
  - MMKVCore (1.3.3)
  - MultiplatformBleAdapter (0.2.0)
  - OpenSSL-Universal (1.1.1100)
  - Permission-BluetoothPeripheral (3.10.1):
    - RNPermissions
  - RCT-Folly (2021.07.22.00):
    - boost
    - DoubleConversion
    - fmt (~> 6.2.1)
    - glog
    - RCT-Folly/Default (= 2021.07.22.00)
  - RCT-Folly/Default (2021.07.22.00):
    - boost
    - DoubleConversion
    - fmt (~> 6.2.1)
    - glog
  - RCTRequired (0.71.15)
  - RCTSearchApi (1.0.1):
    - React
    - React-RCTImage
  - RCTTypeSafety (0.71.15):
    - FBLazyVector (= 0.71.15)
    - RCTRequired (= 0.71.15)
    - React-Core (= 0.71.15)
  - React (0.71.15):
    - React-Core (= 0.71.15)
    - React-Core/DevSupport (= 0.71.15)
    - React-Core/RCTWebSocket (= 0.71.15)
    - React-RCTActionSheet (= 0.71.15)
    - React-RCTAnimation (= 0.71.15)
    - React-RCTBlob (= 0.71.15)
    - React-RCTImage (= 0.71.15)
    - React-RCTLinking (= 0.71.15)
    - React-RCTNetwork (= 0.71.15)
    - React-RCTSettings (= 0.71.15)
    - React-RCTText (= 0.71.15)
    - React-RCTVibration (= 0.71.15)
  - React-callinvoker (0.71.15)
  - React-Codegen (0.71.15):
    - FBReactNativeSpec
    - RCT-Folly
    - RCTRequired
    - RCTTypeSafety
    - React-Core
    - React-jsc
    - React-jsi
    - React-jsiexecutor
    - ReactCommon/turbomodule/bridging
    - ReactCommon/turbomodule/core
  - React-Core (0.71.15):
    - glog
    - RCT-Folly (= 2021.07.22.00)
    - React-Core/Default (= 0.71.15)
    - React-cxxreact (= 0.71.15)
    - React-jsc
    - React-jsi (= 0.71.15)
    - React-jsiexecutor (= 0.71.15)
    - React-perflogger (= 0.71.15)
    - Yoga
  - React-Core/CoreModulesHeaders (0.71.15):
    - glog
    - RCT-Folly (= 2021.07.22.00)
    - React-Core/Default
    - React-cxxreact (= 0.71.15)
    - React-jsc
    - React-jsi (= 0.71.15)
    - React-jsiexecutor (= 0.71.15)
    - React-perflogger (= 0.71.15)
    - Yoga
  - React-Core/Default (0.71.15):
    - glog
    - RCT-Folly (= 2021.07.22.00)
    - React-cxxreact (= 0.71.15)
    - React-jsc
    - React-jsi (= 0.71.15)
    - React-jsiexecutor (= 0.71.15)
    - React-perflogger (= 0.71.15)
    - Yoga
  - React-Core/DevSupport (0.71.15):
    - glog
    - RCT-Folly (= 2021.07.22.00)
    - React-Core/Default (= 0.71.15)
    - React-Core/RCTWebSocket (= 0.71.15)
    - React-cxxreact (= 0.71.15)
    - React-jsc
    - React-jsi (= 0.71.15)
    - React-jsiexecutor (= 0.71.15)
    - React-jsinspector (= 0.71.15)
    - React-perflogger (= 0.71.15)
    - Yoga
  - React-Core/RCTActionSheetHeaders (0.71.15):
    - glog
    - RCT-Folly (= 2021.07.22.00)
    - React-Core/Default
    - React-cxxreact (= 0.71.15)
    - React-jsc
    - React-jsi (= 0.71.15)
    - React-jsiexecutor (= 0.71.15)
    - React-perflogger (= 0.71.15)
    - Yoga
  - React-Core/RCTAnimationHeaders (0.71.15):
    - glog
    - RCT-Folly (= 2021.07.22.00)
    - React-Core/Default
    - React-cxxreact (= 0.71.15)
    - React-jsc
    - React-jsi (= 0.71.15)
    - React-jsiexecutor (= 0.71.15)
    - React-perflogger (= 0.71.15)
    - Yoga
  - React-Core/RCTBlobHeaders (0.71.15):
    - glog
    - RCT-Folly (= 2021.07.22.00)
    - React-Core/Default
    - React-cxxreact (= 0.71.15)
    - React-jsc
    - React-jsi (= 0.71.15)
    - React-jsiexecutor (= 0.71.15)
    - React-perflogger (= 0.71.15)
    - Yoga
  - React-Core/RCTImageHeaders (0.71.15):
    - glog
    - RCT-Folly (= 2021.07.22.00)
    - React-Core/Default
    - React-cxxreact (= 0.71.15)
    - React-jsc
    - React-jsi (= 0.71.15)
    - React-jsiexecutor (= 0.71.15)
    - React-perflogger (= 0.71.15)
    - Yoga
  - React-Core/RCTLinkingHeaders (0.71.15):
    - glog
    - RCT-Folly (= 2021.07.22.00)
    - React-Core/Default
    - React-cxxreact (= 0.71.15)
    - React-jsc
    - React-jsi (= 0.71.15)
    - React-jsiexecutor (= 0.71.15)
    - React-perflogger (= 0.71.15)
    - Yoga
  - React-Core/RCTNetworkHeaders (0.71.15):
    - glog
    - RCT-Folly (= 2021.07.22.00)
    - React-Core/Default
    - React-cxxreact (= 0.71.15)
    - React-jsc
    - React-jsi (= 0.71.15)
    - React-jsiexecutor (= 0.71.15)
    - React-perflogger (= 0.71.15)
    - Yoga
  - React-Core/RCTPushNotificationHeaders (0.71.15):
    - glog
    - RCT-Folly (= 2021.07.22.00)
    - React-Core/Default
    - React-cxxreact (= 0.71.15)
    - React-jsc
    - React-jsi (= 0.71.15)
    - React-jsiexecutor (= 0.71.15)
    - React-perflogger (= 0.71.15)
    - Yoga
  - React-Core/RCTSettingsHeaders (0.71.15):
    - glog
    - RCT-Folly (= 2021.07.22.00)
    - React-Core/Default
    - React-cxxreact (= 0.71.15)
    - React-jsc
    - React-jsi (= 0.71.15)
    - React-jsiexecutor (= 0.71.15)
    - React-perflogger (= 0.71.15)
    - Yoga
  - React-Core/RCTTextHeaders (0.71.15):
    - glog
    - RCT-Folly (= 2021.07.22.00)
    - React-Core/Default
    - React-cxxreact (= 0.71.15)
    - React-jsc
    - React-jsi (= 0.71.15)
    - React-jsiexecutor (= 0.71.15)
    - React-perflogger (= 0.71.15)
    - Yoga
  - React-Core/RCTVibrationHeaders (0.71.15):
    - glog
    - RCT-Folly (= 2021.07.22.00)
    - React-Core/Default
    - React-cxxreact (= 0.71.15)
    - React-jsc
    - React-jsi (= 0.71.15)
    - React-jsiexecutor (= 0.71.15)
    - React-perflogger (= 0.71.15)
    - Yoga
  - React-Core/RCTWebSocket (0.71.15):
    - glog
    - RCT-Folly (= 2021.07.22.00)
    - React-Core/Default (= 0.71.15)
    - React-cxxreact (= 0.71.15)
    - React-jsc
    - React-jsi (= 0.71.15)
    - React-jsiexecutor (= 0.71.15)
    - React-perflogger (= 0.71.15)
    - Yoga
  - React-CoreModules (0.71.15):
    - RCT-Folly (= 2021.07.22.00)
    - RCTTypeSafety (= 0.71.15)
    - React-Codegen (= 0.71.15)
    - React-Core/CoreModulesHeaders (= 0.71.15)
    - React-jsi (= 0.71.15)
    - React-RCTBlob
    - React-RCTImage (= 0.71.15)
    - ReactCommon/turbomodule/core (= 0.71.15)
  - React-cxxreact (0.71.15):
    - boost (= 1.76.0)
    - DoubleConversion
    - glog
    - RCT-Folly (= 2021.07.22.00)
    - React-callinvoker (= 0.71.15)
    - React-jsi (= 0.71.15)
    - React-jsinspector (= 0.71.15)
    - React-logger (= 0.71.15)
    - React-perflogger (= 0.71.15)
    - React-runtimeexecutor (= 0.71.15)
  - React-jsc (0.71.15):
    - React-jsc/Fabric (= 0.71.15)
    - React-jsi (= 0.71.15)
  - React-jsc/Fabric (0.71.15):
    - React-jsi (= 0.71.15)
  - React-jsi (0.71.15):
    - boost (= 1.76.0)
    - DoubleConversion
    - glog
    - RCT-Folly (= 2021.07.22.00)
  - React-jsiexecutor (0.71.15):
    - DoubleConversion
    - glog
    - RCT-Folly (= 2021.07.22.00)
    - React-cxxreact (= 0.71.15)
    - React-jsi (= 0.71.15)
    - React-perflogger (= 0.71.15)
  - React-jsinspector (0.71.15)
  - React-logger (0.71.15):
    - glog
  - react-native-aes (1.3.9):
    - React
  - react-native-background-timer (2.1.1):
    - React
  - react-native-ble-plx (3.1.2):
    - MultiplatformBleAdapter (= 0.2.0)
    - RCT-Folly (= 2021.07.22.00)
    - React-Core
  - react-native-blob-jsi-helper (0.3.1):
    - React
    - React-Core
  - react-native-blur (4.3.2):
    - React-Core
  - react-native-branch (5.6.2):
    - Branch (= 1.43.2)
    - React-Core
  - react-native-camera (3.44.3):
    - React-Core
    - react-native-camera/RCT (= 3.44.3)
    - react-native-camera/RN (= 3.44.3)
  - react-native-camera/RCT (3.44.3):
    - React-Core
  - react-native-camera/RN (3.44.3):
    - React-Core
  - react-native-compat (2.11.0):
    - RCT-Folly (= 2021.07.22.00)
    - React-Core
  - react-native-cookies (6.2.1):
    - React-Core
  - react-native-get-random-values (1.8.0):
    - React-Core
  - react-native-gzip (1.1.0):
    - Base64
    - GZIP
    - React-Core
  - react-native-in-app-review (3.2.3):
    - React
  - react-native-launch-arguments (4.0.1):
    - React
  - react-native-mmkv (2.11.0):
    - MMKV (>= 1.2.13)
    - React-Core
  - react-native-netinfo (6.0.0):
    - React-Core
  - react-native-quick-base64 (2.0.8):
    - React-Core
  - react-native-quick-crypto (0.6.1):
    - OpenSSL-Universal
    - React
    - React-callinvoker
    - React-Core
  - react-native-randombytes (3.6.1):
    - React-Core
  - react-native-safe-area-context (3.4.1):
    - React-Core
  - react-native-slider (4.4.3):
    - React-Core
  - react-native-splash-screen (3.2.0):
    - React
  - react-native-video (5.2.1):
    - React-Core
    - react-native-video/Video (= 5.2.1)
  - react-native-video/Video (5.2.1):
    - React-Core
  - react-native-view-shot (3.1.2):
    - React
  - react-native-webview (11.13.0):
    - React-Core
  - React-perflogger (0.71.15)
  - React-RCTActionSheet (0.71.15):
    - React-Core/RCTActionSheetHeaders (= 0.71.15)
  - React-RCTAnimation (0.71.15):
    - RCT-Folly (= 2021.07.22.00)
    - RCTTypeSafety (= 0.71.15)
    - React-Codegen (= 0.71.15)
    - React-Core/RCTAnimationHeaders (= 0.71.15)
    - React-jsi (= 0.71.15)
    - ReactCommon/turbomodule/core (= 0.71.15)
  - React-RCTAppDelegate (0.71.15):
    - RCT-Folly
    - RCTRequired
    - RCTTypeSafety
    - React-Core
    - ReactCommon/turbomodule/core
  - React-RCTBlob (0.71.15):
    - RCT-Folly (= 2021.07.22.00)
    - React-Codegen (= 0.71.15)
    - React-Core/RCTBlobHeaders (= 0.71.15)
    - React-Core/RCTWebSocket (= 0.71.15)
    - React-jsi (= 0.71.15)
    - React-RCTNetwork (= 0.71.15)
    - ReactCommon/turbomodule/core (= 0.71.15)
  - React-RCTImage (0.71.15):
    - RCT-Folly (= 2021.07.22.00)
    - RCTTypeSafety (= 0.71.15)
    - React-Codegen (= 0.71.15)
    - React-Core/RCTImageHeaders (= 0.71.15)
    - React-jsi (= 0.71.15)
    - React-RCTNetwork (= 0.71.15)
    - ReactCommon/turbomodule/core (= 0.71.15)
  - React-RCTLinking (0.71.15):
    - React-Codegen (= 0.71.15)
    - React-Core/RCTLinkingHeaders (= 0.71.15)
    - React-jsi (= 0.71.15)
    - ReactCommon/turbomodule/core (= 0.71.15)
  - React-RCTNetwork (0.71.15):
    - RCT-Folly (= 2021.07.22.00)
    - RCTTypeSafety (= 0.71.15)
    - React-Codegen (= 0.71.15)
    - React-Core/RCTNetworkHeaders (= 0.71.15)
    - React-jsi (= 0.71.15)
    - ReactCommon/turbomodule/core (= 0.71.15)
  - React-RCTPushNotification (0.71.15):
    - RCTTypeSafety (= 0.71.15)
    - React-Codegen (= 0.71.15)
    - React-Core/RCTPushNotificationHeaders (= 0.71.15)
    - React-jsi (= 0.71.15)
    - ReactCommon/turbomodule/core (= 0.71.15)
  - React-RCTSettings (0.71.15):
    - RCT-Folly (= 2021.07.22.00)
    - RCTTypeSafety (= 0.71.15)
    - React-Codegen (= 0.71.15)
    - React-Core/RCTSettingsHeaders (= 0.71.15)
    - React-jsi (= 0.71.15)
    - ReactCommon/turbomodule/core (= 0.71.15)
  - React-RCTText (0.71.15):
    - React-Core/RCTTextHeaders (= 0.71.15)
  - React-RCTVibration (0.71.15):
    - RCT-Folly (= 2021.07.22.00)
    - React-Codegen (= 0.71.15)
    - React-Core/RCTVibrationHeaders (= 0.71.15)
    - React-jsi (= 0.71.15)
    - ReactCommon/turbomodule/core (= 0.71.15)
  - React-runtimeexecutor (0.71.15):
    - React-jsi (= 0.71.15)
  - ReactCommon/turbomodule/bridging (0.71.15):
    - DoubleConversion
    - glog
    - RCT-Folly (= 2021.07.22.00)
    - React-callinvoker (= 0.71.15)
    - React-Core (= 0.71.15)
    - React-cxxreact (= 0.71.15)
    - React-jsi (= 0.71.15)
    - React-logger (= 0.71.15)
    - React-perflogger (= 0.71.15)
  - ReactCommon/turbomodule/core (0.71.15):
    - DoubleConversion
    - glog
    - RCT-Folly (= 2021.07.22.00)
    - React-callinvoker (= 0.71.15)
    - React-Core (= 0.71.15)
    - React-cxxreact (= 0.71.15)
    - React-jsi (= 0.71.15)
    - React-logger (= 0.71.15)
    - React-perflogger (= 0.71.15)
  - ReactNativePayments (1.5.0):
    - React
  - rn-fetch-blob (0.12.0):
    - React-Core
  - RNCAsyncStorage (1.17.10):
    - React-Core
  - RNCCheckbox (0.5.12):
    - React-Core
  - RNCClipboard (1.8.4):
    - React-Core
  - RNCMaskedView (0.2.6):
    - React-Core
  - RNCPicker (2.2.1):
    - React-Core
  - RNDateTimePicker (7.5.0):
    - React-Core
  - RNDefaultPreference (1.4.3):
    - React
  - RNDeviceInfo (9.0.2):
    - React-Core
  - RNFS (2.20.0):
    - React-Core
  - RNGestureHandler (1.10.3):
    - React-Core
  - RNI18n (2.0.15):
    - React
  - RNInAppBrowser (3.7.0):
    - React-Core
  - RNKeychain (8.0.0):
    - React-Core
  - RNOS (1.2.6):
    - React
  - RNPermissions (3.10.1):
    - React-Core
  - RNReanimated (3.1.0):
    - DoubleConversion
    - FBLazyVector
    - FBReactNativeSpec
    - glog
    - RCT-Folly
    - RCTRequired
    - RCTTypeSafety
    - React-callinvoker
    - React-Core
    - React-Core/DevSupport
    - React-Core/RCTWebSocket
    - React-CoreModules
    - React-cxxreact
    - React-jsi
    - React-jsiexecutor
    - React-jsinspector
    - React-RCTActionSheet
    - React-RCTAnimation
    - React-RCTBlob
    - React-RCTImage
    - React-RCTLinking
    - React-RCTNetwork
    - React-RCTSettings
    - React-RCTText
    - ReactCommon/turbomodule/core
    - Yoga
  - RNScreens (3.19.0):
    - React-Core
    - React-RCTImage
  - RNSensors (5.3.0):
    - React
  - RNSentry (5.11.1):
    - React-Core
    - Sentry/HybridSDK (= 8.13.0)
  - RNShare (7.3.7):
    - React-Core
  - RNSVG (12.1.1):
    - React
  - RNVectorIcons (6.4.2):
    - React
  - segment-analytics-react-native (2.17.0):
    - React-Core
    - sovran-react-native
  - Sentry/HybridSDK (8.13.0):
    - SentryPrivate (= 8.13.0)
  - SentryPrivate (8.13.0)
  - SocketRocket (0.6.1)
  - sovran-react-native (1.0.4):
    - React-Core
  - TcpSockets (4.0.0):
    - CocoaAsyncSocket
    - React
  - Yoga (1.14.0)
  - YogaKit (1.18.1):
    - Yoga (~> 1.14)

DEPENDENCIES:
  - boost (from `../node_modules/react-native/third-party-podspecs/boost.podspec`)
  - BVLinearGradient (from `../node_modules/react-native-linear-gradient`)
  - DoubleConversion (from `../node_modules/react-native/third-party-podspecs/DoubleConversion.podspec`)
  - FBLazyVector (from `../node_modules/react-native/Libraries/FBLazyVector`)
  - FBReactNativeSpec (from `../node_modules/react-native/React/FBReactNativeSpec`)
  - Flipper (= 0.125.0)
  - Flipper-Boost-iOSX (= 1.76.0.1.11)
  - Flipper-DoubleConversion (= 3.2.0.1)
  - Flipper-Fmt (= 7.1.7)
  - Flipper-Folly (= 2.6.10)
  - Flipper-Glog (= 0.5.0.5)
  - Flipper-PeerTalk (= 0.0.4)
  - Flipper-RSocket (= 1.4.3)
  - FlipperKit (= 0.125.0)
  - FlipperKit/Core (= 0.125.0)
  - FlipperKit/CppBridge (= 0.125.0)
  - FlipperKit/FBCxxFollyDynamicConvert (= 0.125.0)
  - FlipperKit/FBDefines (= 0.125.0)
  - FlipperKit/FKPortForwarding (= 0.125.0)
  - FlipperKit/FlipperKitHighlightOverlay (= 0.125.0)
  - FlipperKit/FlipperKitLayoutPlugin (= 0.125.0)
  - FlipperKit/FlipperKitLayoutTextSearchable (= 0.125.0)
  - FlipperKit/FlipperKitNetworkPlugin (= 0.125.0)
  - FlipperKit/FlipperKitReactPlugin (= 0.125.0)
  - FlipperKit/FlipperKitUserDefaultsPlugin (= 0.125.0)
  - FlipperKit/SKIOSNetworkPlugin (= 0.125.0)
  - glog (from `../node_modules/react-native/third-party-podspecs/glog.podspec`)
  - GzipSwift
  - lottie-ios (from `../node_modules/lottie-ios`)
  - lottie-react-native (from `../node_modules/lottie-react-native`)
  - OpenSSL-Universal
  - OpenSSL-Universal (= 1.1.1100)
  - Permission-BluetoothPeripheral (from `../node_modules/react-native-permissions/ios/BluetoothPeripheral`)
  - RCT-Folly (from `../node_modules/react-native/third-party-podspecs/RCT-Folly.podspec`)
  - RCTRequired (from `../node_modules/react-native/Libraries/RCTRequired`)
  - RCTSearchApi (from `../node_modules/react-native-search-api`)
  - RCTTypeSafety (from `../node_modules/react-native/Libraries/TypeSafety`)
  - React (from `../node_modules/react-native/`)
  - React-callinvoker (from `../node_modules/react-native/ReactCommon/callinvoker`)
  - React-Codegen (from `build/generated/ios`)
  - React-Core (from `../node_modules/react-native/`)
  - React-Core/DevSupport (from `../node_modules/react-native/`)
  - React-Core/RCTWebSocket (from `../node_modules/react-native/`)
  - React-CoreModules (from `../node_modules/react-native/React/CoreModules`)
  - React-cxxreact (from `../node_modules/react-native/ReactCommon/cxxreact`)
  - React-jsc (from `../node_modules/react-native/ReactCommon/jsc`)
  - React-jsi (from `../node_modules/react-native/ReactCommon/jsi`)
  - React-jsiexecutor (from `../node_modules/react-native/ReactCommon/jsiexecutor`)
  - React-jsinspector (from `../node_modules/react-native/ReactCommon/jsinspector`)
  - React-logger (from `../node_modules/react-native/ReactCommon/logger`)
  - react-native-aes (from `../node_modules/react-native-aes-crypto`)
  - react-native-background-timer (from `../node_modules/react-native-background-timer`)
  - react-native-ble-plx (from `../node_modules/react-native-ble-plx`)
  - react-native-blob-jsi-helper (from `../node_modules/react-native-blob-jsi-helper`)
  - "react-native-blur (from `../node_modules/@react-native-community/blur`)"
  - react-native-branch (from `../node_modules/react-native-branch`)
  - react-native-camera (from `../node_modules/react-native-camera`)
  - "react-native-compat (from `../node_modules/@walletconnect/react-native-compat`)"
  - "react-native-cookies (from `../node_modules/@react-native-cookies/cookies`)"
  - react-native-get-random-values (from `../node_modules/react-native-get-random-values`)
  - react-native-gzip (from `../node_modules/react-native-gzip`)
  - react-native-in-app-review (from `../node_modules/react-native-in-app-review`)
  - react-native-launch-arguments (from `../node_modules/react-native-launch-arguments`)
  - react-native-mmkv (from `../node_modules/react-native-mmkv`)
  - "react-native-netinfo (from `../node_modules/@react-native-community/netinfo`)"
  - react-native-quick-base64 (from `../node_modules/react-native-quick-base64`)
  - react-native-quick-crypto (from `../node_modules/react-native-quick-crypto`)
  - react-native-randombytes (from `../node_modules/react-native-randombytes`)
  - react-native-safe-area-context (from `../node_modules/react-native-safe-area-context`)
  - "react-native-slider (from `../node_modules/@react-native-community/slider`)"
  - react-native-splash-screen (from `../node_modules/react-native-splash-screen`)
  - react-native-video (from `../node_modules/react-native-video`)
  - react-native-view-shot (from `../node_modules/react-native-view-shot`)
  - react-native-webview (from `../node_modules/react-native-webview`)
  - React-perflogger (from `../node_modules/react-native/ReactCommon/reactperflogger`)
  - React-RCTActionSheet (from `../node_modules/react-native/Libraries/ActionSheetIOS`)
  - React-RCTAnimation (from `../node_modules/react-native/Libraries/NativeAnimation`)
  - React-RCTAppDelegate (from `../node_modules/react-native/Libraries/AppDelegate`)
  - React-RCTBlob (from `../node_modules/react-native/Libraries/Blob`)
  - React-RCTImage (from `../node_modules/react-native/Libraries/Image`)
  - React-RCTLinking (from `../node_modules/react-native/Libraries/LinkingIOS`)
  - React-RCTNetwork (from `../node_modules/react-native/Libraries/Network`)
  - React-RCTPushNotification (from `../node_modules/react-native/Libraries/PushNotificationIOS`)
  - React-RCTSettings (from `../node_modules/react-native/Libraries/Settings`)
  - React-RCTText (from `../node_modules/react-native/Libraries/Text`)
  - React-RCTVibration (from `../node_modules/react-native/Libraries/Vibration`)
  - React-runtimeexecutor (from `../node_modules/react-native/ReactCommon/runtimeexecutor`)
  - ReactCommon/turbomodule/core (from `../node_modules/react-native/ReactCommon`)
  - "ReactNativePayments (from `../node_modules/@exodus/react-native-payments/lib/ios/`)"
  - rn-fetch-blob (from `../node_modules/rn-fetch-blob`)
  - "RNCAsyncStorage (from `../node_modules/@react-native-async-storage/async-storage`)"
  - "RNCCheckbox (from `../node_modules/@react-native-community/checkbox`)"
  - "RNCClipboard (from `../node_modules/@react-native-clipboard/clipboard`)"
  - "RNCMaskedView (from `../node_modules/@react-native-masked-view/masked-view`)"
  - "RNCPicker (from `../node_modules/@react-native-picker/picker`)"
  - "RNDateTimePicker (from `../node_modules/@react-native-community/datetimepicker`)"
  - RNDefaultPreference (from `../node_modules/react-native-default-preference`)
  - RNDeviceInfo (from `../node_modules/react-native-device-info`)
  - RNFS (from `../node_modules/react-native-fs`)
  - RNGestureHandler (from `../node_modules/react-native-gesture-handler`)
  - RNI18n (from `../node_modules/react-native-i18n`)
  - RNInAppBrowser (from `../node_modules/react-native-inappbrowser-reborn`)
  - RNKeychain (from `../node_modules/react-native-keychain`)
  - RNOS (from `../node_modules/react-native-os`)
  - RNPermissions (from `../node_modules/react-native-permissions`)
  - RNReanimated (from `../node_modules/react-native-reanimated`)
  - RNScreens (from `../node_modules/react-native-screens`)
  - RNSensors (from `../node_modules/react-native-sensors`)
  - "RNSentry (from `../node_modules/@sentry/react-native`)"
  - RNShare (from `../node_modules/react-native-share`)
  - RNSVG (from `../node_modules/react-native-svg`)
  - RNVectorIcons (from `../node_modules/react-native-vector-icons`)
  - "segment-analytics-react-native (from `../node_modules/@segment/analytics-react-native`)"
  - "sovran-react-native (from `../node_modules/@segment/sovran-react-native`)"
  - TcpSockets (from `../node_modules/react-native-tcp`)
  - Yoga (from `../node_modules/react-native/ReactCommon/yoga`)

SPEC REPOS:
  trunk:
    - Base64
    - Branch
    - CocoaAsyncSocket
    - Flipper
    - Flipper-Boost-iOSX
    - Flipper-DoubleConversion
    - Flipper-Fmt
    - Flipper-Folly
    - Flipper-Glog
    - Flipper-PeerTalk
    - Flipper-RSocket
    - FlipperKit
    - fmt
    - GZIP
    - GzipSwift
    - libevent
    - MMKV
    - MMKVCore
    - MultiplatformBleAdapter
    - OpenSSL-Universal
    - Sentry
    - SentryPrivate
    - SocketRocket
    - YogaKit

EXTERNAL SOURCES:
  boost:
    :podspec: "../node_modules/react-native/third-party-podspecs/boost.podspec"
  BVLinearGradient:
    :path: "../node_modules/react-native-linear-gradient"
  DoubleConversion:
    :podspec: "../node_modules/react-native/third-party-podspecs/DoubleConversion.podspec"
  FBLazyVector:
    :path: "../node_modules/react-native/Libraries/FBLazyVector"
  FBReactNativeSpec:
    :path: "../node_modules/react-native/React/FBReactNativeSpec"
  glog:
    :podspec: "../node_modules/react-native/third-party-podspecs/glog.podspec"
  lottie-ios:
    :path: "../node_modules/lottie-ios"
  lottie-react-native:
    :path: "../node_modules/lottie-react-native"
  Permission-BluetoothPeripheral:
    :path: "../node_modules/react-native-permissions/ios/BluetoothPeripheral"
  RCT-Folly:
    :podspec: "../node_modules/react-native/third-party-podspecs/RCT-Folly.podspec"
  RCTRequired:
    :path: "../node_modules/react-native/Libraries/RCTRequired"
  RCTSearchApi:
    :path: "../node_modules/react-native-search-api"
  RCTTypeSafety:
    :path: "../node_modules/react-native/Libraries/TypeSafety"
  React:
    :path: "../node_modules/react-native/"
  React-callinvoker:
    :path: "../node_modules/react-native/ReactCommon/callinvoker"
  React-Codegen:
    :path: build/generated/ios
  React-Core:
    :path: "../node_modules/react-native/"
  React-CoreModules:
    :path: "../node_modules/react-native/React/CoreModules"
  React-cxxreact:
    :path: "../node_modules/react-native/ReactCommon/cxxreact"
  React-jsc:
    :path: "../node_modules/react-native/ReactCommon/jsc"
  React-jsi:
    :path: "../node_modules/react-native/ReactCommon/jsi"
  React-jsiexecutor:
    :path: "../node_modules/react-native/ReactCommon/jsiexecutor"
  React-jsinspector:
    :path: "../node_modules/react-native/ReactCommon/jsinspector"
  React-logger:
    :path: "../node_modules/react-native/ReactCommon/logger"
  react-native-aes:
    :path: "../node_modules/react-native-aes-crypto"
  react-native-background-timer:
    :path: "../node_modules/react-native-background-timer"
  react-native-ble-plx:
    :path: "../node_modules/react-native-ble-plx"
  react-native-blob-jsi-helper:
    :path: "../node_modules/react-native-blob-jsi-helper"
  react-native-blur:
    :path: "../node_modules/@react-native-community/blur"
  react-native-branch:
    :path: "../node_modules/react-native-branch"
  react-native-camera:
    :path: "../node_modules/react-native-camera"
  react-native-compat:
    :path: "../node_modules/@walletconnect/react-native-compat"
  react-native-cookies:
    :path: "../node_modules/@react-native-cookies/cookies"
  react-native-get-random-values:
    :path: "../node_modules/react-native-get-random-values"
  react-native-gzip:
    :path: "../node_modules/react-native-gzip"
  react-native-in-app-review:
    :path: "../node_modules/react-native-in-app-review"
  react-native-launch-arguments:
    :path: "../node_modules/react-native-launch-arguments"
  react-native-mmkv:
    :path: "../node_modules/react-native-mmkv"
  react-native-netinfo:
    :path: "../node_modules/@react-native-community/netinfo"
  react-native-quick-base64:
    :path: "../node_modules/react-native-quick-base64"
  react-native-quick-crypto:
    :path: "../node_modules/react-native-quick-crypto"
  react-native-randombytes:
    :path: "../node_modules/react-native-randombytes"
  react-native-safe-area-context:
    :path: "../node_modules/react-native-safe-area-context"
  react-native-slider:
    :path: "../node_modules/@react-native-community/slider"
  react-native-splash-screen:
    :path: "../node_modules/react-native-splash-screen"
  react-native-video:
    :path: "../node_modules/react-native-video"
  react-native-view-shot:
    :path: "../node_modules/react-native-view-shot"
  react-native-webview:
    :path: "../node_modules/react-native-webview"
  React-perflogger:
    :path: "../node_modules/react-native/ReactCommon/reactperflogger"
  React-RCTActionSheet:
    :path: "../node_modules/react-native/Libraries/ActionSheetIOS"
  React-RCTAnimation:
    :path: "../node_modules/react-native/Libraries/NativeAnimation"
  React-RCTAppDelegate:
    :path: "../node_modules/react-native/Libraries/AppDelegate"
  React-RCTBlob:
    :path: "../node_modules/react-native/Libraries/Blob"
  React-RCTImage:
    :path: "../node_modules/react-native/Libraries/Image"
  React-RCTLinking:
    :path: "../node_modules/react-native/Libraries/LinkingIOS"
  React-RCTNetwork:
    :path: "../node_modules/react-native/Libraries/Network"
  React-RCTPushNotification:
    :path: "../node_modules/react-native/Libraries/PushNotificationIOS"
  React-RCTSettings:
    :path: "../node_modules/react-native/Libraries/Settings"
  React-RCTText:
    :path: "../node_modules/react-native/Libraries/Text"
  React-RCTVibration:
    :path: "../node_modules/react-native/Libraries/Vibration"
  React-runtimeexecutor:
    :path: "../node_modules/react-native/ReactCommon/runtimeexecutor"
  ReactCommon:
    :path: "../node_modules/react-native/ReactCommon"
  ReactNativePayments:
    :path: "../node_modules/@exodus/react-native-payments/lib/ios/"
  rn-fetch-blob:
    :path: "../node_modules/rn-fetch-blob"
  RNCAsyncStorage:
    :path: "../node_modules/@react-native-async-storage/async-storage"
  RNCCheckbox:
    :path: "../node_modules/@react-native-community/checkbox"
  RNCClipboard:
    :path: "../node_modules/@react-native-clipboard/clipboard"
  RNCMaskedView:
    :path: "../node_modules/@react-native-masked-view/masked-view"
  RNCPicker:
    :path: "../node_modules/@react-native-picker/picker"
  RNDateTimePicker:
    :path: "../node_modules/@react-native-community/datetimepicker"
  RNDefaultPreference:
    :path: "../node_modules/react-native-default-preference"
  RNDeviceInfo:
    :path: "../node_modules/react-native-device-info"
  RNFS:
    :path: "../node_modules/react-native-fs"
  RNGestureHandler:
    :path: "../node_modules/react-native-gesture-handler"
  RNI18n:
    :path: "../node_modules/react-native-i18n"
  RNInAppBrowser:
    :path: "../node_modules/react-native-inappbrowser-reborn"
  RNKeychain:
    :path: "../node_modules/react-native-keychain"
  RNOS:
    :path: "../node_modules/react-native-os"
  RNPermissions:
    :path: "../node_modules/react-native-permissions"
  RNReanimated:
    :path: "../node_modules/react-native-reanimated"
  RNScreens:
    :path: "../node_modules/react-native-screens"
  RNSensors:
    :path: "../node_modules/react-native-sensors"
  RNSentry:
    :path: "../node_modules/@sentry/react-native"
  RNShare:
    :path: "../node_modules/react-native-share"
  RNSVG:
    :path: "../node_modules/react-native-svg"
  RNVectorIcons:
    :path: "../node_modules/react-native-vector-icons"
  segment-analytics-react-native:
    :path: "../node_modules/@segment/analytics-react-native"
  sovran-react-native:
    :path: "../node_modules/@segment/sovran-react-native"
  TcpSockets:
    :path: "../node_modules/react-native-tcp"
  Yoga:
    :path: "../node_modules/react-native/ReactCommon/yoga"

SPEC CHECKSUMS:
  Base64: cecfb41a004124895a7bcee567a89bae5a89d49b
  boost: 7dcd2de282d72e344012f7d6564d024930a6a440
  Branch: 4ac024cb3c29b0ef628048694db3c4cfa679beb0
  BVLinearGradient: e3aad03778a456d77928f594a649e96995f1c872
  CocoaAsyncSocket: 065fd1e645c7abab64f7a6a2007a48038fdc6a99
  DoubleConversion: 5189b271737e1565bdce30deb4a08d647e3f5f54
  FBLazyVector: d06bbe89e3a89ee90c4deab1c84bf306ffa5ed37
  FBReactNativeSpec: d5d9871fe5c4b61787a3aed4f9e5529908e22069
  Flipper: 26fc4b7382499f1281eb8cb921e5c3ad6de91fe0
  Flipper-Boost-iOSX: fd1e2b8cbef7e662a122412d7ac5f5bea715403c
  Flipper-DoubleConversion: 2dc99b02f658daf147069aad9dbd29d8feb06d30
  Flipper-Fmt: 60cbdd92fc254826e61d669a5d87ef7015396a9b
  Flipper-Folly: 584845625005ff068a6ebf41f857f468decd26b3
  Flipper-Glog: 70c50ce58ddaf67dc35180db05f191692570f446
  Flipper-PeerTalk: 116d8f857dc6ef55c7a5a75ea3ceaafe878aadc9
  Flipper-RSocket: d9d9ade67cbecf6ac10730304bf5607266dd2541
  FlipperKit: cbdee19bdd4e7f05472a66ce290f1b729ba3cb86
  fmt: ff9d55029c625d3757ed641535fd4a75fedc7ce9
  glog: 04b94705f318337d7ead9e6d17c019bd9b1f6b1b
  GZIP: e6922ed5bdd1d77d84589d50821ac34ea0c38d4b
  GzipSwift: 893f3e48e597a1a4f62fafcb6514220fcf8287fa
  libevent: 4049cae6c81cdb3654a443be001fb9bdceff7913
  lottie-ios: 016449b5d8be0c3dcbcfa0a9988469999cd04c5d
  lottie-react-native: 3e722c63015fdb9c27638b0a77969fc412067c18
  MMKV: f902fb6719da13c2ab0965233d8963a59416f911
  MMKVCore: d26e4d3edd5cb8588c2569222cbd8be4231374e9
  MultiplatformBleAdapter: b1fddd0d499b96b607e00f0faa8e60648343dc1d
  OpenSSL-Universal: ebc357f1e6bc71fa463ccb2fe676756aff50e88c
  Permission-BluetoothPeripheral: 247e379c9ecb4b1af2b87f73e4a15a00a5bc0c1f
  RCT-Folly: 424b8c9a7a0b9ab2886ffe9c3b041ef628fd4fb1
  RCTRequired: 4ce9da4fa2f8a134f62c70e4ab9d971b9d640f41
  RCTSearchApi: d2d38a5a7bffbfb144e2c770fbb30f51b1053067
  RCTTypeSafety: decfec2884f0c523f799600d2b6105cdc15e13db
  React: ca22a0b3f199b6acac95416ef7eb96cc84a55103
  React-callinvoker: 366d4449bc2901e89da3f30c6d203c491d060350
  React-Codegen: 765c00e78d67f80eb308329bbe57b47185850c15
  React-Core: c09b135e7a92eacf847002a65a1ef4fc8141e615
  React-CoreModules: 8c2a970d9fd778e6016b9297f2c2dddbe78b04ec
  React-cxxreact: a629a892a3c0b168e7a9ac9f28f947e95c8b9022
  React-jsc: f413c49dffe1b2cb66a19cf7dd4f67ad3e50179b
  React-jsi: d3a1ab8c209799b1323dc1a3300b073e5d5d5d19
  React-jsiexecutor: de831ee9e5b699a1bb6976119454272d18256141
  React-jsinspector: 4ade58a6a355d97a53f847543b14f4cb5033cb70
  React-logger: 56699550750c013096a11dce3bc996e7dd583835
  react-native-aes: ff31f0dd4c791eb423a631ee04570fcf3c618924
  react-native-background-timer: 1b6e6b4e10f1b74c367a1fdc3c72b67c619b222b
  react-native-ble-plx: 669899d2fd4d360d541b05ce19c6ee77d95853bf
  react-native-blob-jsi-helper: 13c10135af4614dbc0712afba5960784cd44f043
  react-native-blur: cfdad7b3c01d725ab62a8a729f42ea463998afa2
  react-native-branch: 4e42fda662d96893afbbd02839806931398e3d2e
  react-native-camera: b8cc03e2feec0c04403d0998e37cf519d8fd4c6f
  react-native-compat: d411b454141009ceca781cd1ca44132cace77c45
  react-native-cookies: f54fcded06bb0cda05c11d86788020b43528a26c
  react-native-get-random-values: a6ea6a8a65dc93e96e24a11105b1a9c8cfe1d72a
  react-native-gzip: c5e87ee9e359f02350e3a2ee52eb35eddc398868
  react-native-in-app-review: 23f4f5b9fcd94339dd5d93c6230557f9c67c7dda
  react-native-launch-arguments: 4e0fd58e56dcc7f52eedef9dc8eff81eb73ced7a
  react-native-mmkv: e97c0c79403fb94577e5d902ab1ebd42b0715b43
  react-native-netinfo: e849fc21ca2f4128a5726c801a82fc6f4a6db50d
  react-native-quick-base64: 777057ea4286f806b00259ede65dc79c7c706320
  react-native-quick-crypto: 455c1b411db006dba1026a30681ececb19180187
  react-native-randombytes: 421f1c7d48c0af8dbcd471b0324393ebf8fe7846
  react-native-safe-area-context: 9e40fb181dac02619414ba1294d6c2a807056ab9
  react-native-slider: 1cdd6ba29675df21f30544253bf7351d3c2d68c4
  react-native-splash-screen: 200d11d188e2e78cea3ad319964f6142b6384865
  react-native-video: c26780b224543c62d5e1b2a7244a5cd1b50e8253
  react-native-view-shot: 4475fde003fe8a210053d1f98fb9e06c1d834e1c
  react-native-webview: 133a6a5149f963259646e710b4545c67ef35d7c9
  React-perflogger: 0cc42978a483a47f3696171dac2e7033936fc82d
  React-RCTActionSheet: ea922b476d24f6d40b8e02ac3228412bd3637468
  React-RCTAnimation: 7be2c148398eaa5beac950b2b5ec7102389ec3ad
  React-RCTAppDelegate: 6ffc21c55cc854bbe2f77430886b322d51073082
  React-RCTBlob: 4c909e5cd9f7fa867dcd54b58f5b38570792175b
  React-RCTImage: 4a2cd71dd8c1954cfab50e244b269d47bdcc76da
  React-RCTLinking: c8ff9fe7f5741afc05894c7da4a0d2bd1458f247
  React-RCTNetwork: 93c329744baa8c04057a5a29b790618e0c2a6a68
  React-RCTPushNotification: 4b1fc0597503604c30a48f8baafed568169fd8a2
  React-RCTSettings: bcd09cd3ee26967bdfbc8af174404b8ffabfbc3c
  React-RCTText: c525eb78cfe9489f130fa69004ff081a5ae33e06
  React-RCTVibration: a97783e3645ddf852e34da2e015656e309f3a083
  React-runtimeexecutor: 8f2ddd9db7874ec7de84f5c55d73aeaaf82908e2
  ReactCommon: 4a6ace8e5bd40d585223775ba56d002173e72fb2
  ReactNativePayments: a4e3ac915256a4e759c8a04338b558494a63a0f5
  rn-fetch-blob: f065bb7ab7fb48dd002629f8bdcb0336602d3cba
  RNCAsyncStorage: 0c357f3156fcb16c8589ede67cc036330b6698ca
  RNCCheckbox: ed1b4ca295475b41e7251ebae046360a703b6eb5
  RNCClipboard: ddd4d291537f1667209c9c405aaa4307297e252e
  RNCMaskedView: c298b644a10c0c142055b3ae24d83879ecb13ccd
  RNCPicker: cb57c823d5ce8d2d0b5dfb45ad97b737260dc59e
  RNDateTimePicker: b722c23030b744763cf51d80fc22f354653f65e0
  RNDefaultPreference: 2f8d6d54230edbd78708ada8d63bb275e5a8415b
  RNDeviceInfo: 1e3f62b9ec32f7754fac60bd06b8f8a27124e7f0
  RNFS: 4ac0f0ea233904cb798630b3c077808c06931688
  RNGestureHandler: a479ebd5ed4221a810967000735517df0d2db211
  RNI18n: e2f7e76389fcc6e84f2c8733ea89b92502351fd8
  RNInAppBrowser: e36d6935517101ccba0e875bac8ad7b0cb655364
  RNKeychain: 4f63aada75ebafd26f4bc2c670199461eab85d94
  RNOS: 6f2f9a70895bbbfbdad7196abd952e7b01d45027
  RNPermissions: 4e3714e18afe7141d000beae3755e5b5fb2f5e05
  RNReanimated: b1220a0e5168745283ff5d53bfc7d2144b2cee1b
  RNScreens: ea4cd3a853063cda19a4e3c28d2e52180c80f4eb
  RNSensors: c363d486c879e181905dea84a2535e49af1c2d25
  RNSentry: e668d4e68fe09d475dc084bab81f02c3be2db173
  RNShare: f116bbb04f310c665ca483d0bd1e88cf59b3b334
  RNSVG: 551acb6562324b1d52a4e0758f7ca0ec234e278f
  RNVectorIcons: 6607bd3a30291d0edb56f9bbe7ae411ee2b928b0
  segment-analytics-react-native: dbdd08d96fec78132e96bda092562e41c2ce0ce0
  Sentry: a067ca1db308066097314d8478e9682f3b575dee
  SentryPrivate: 917c91aeb0f199cd079404fab2b50c83e4bad25c
  SocketRocket: f32cd54efbe0f095c4d7594881e52619cfe80b17
  sovran-react-native: 791f2f726b4d57ece59676eda58d6da9dc95ad4e
  TcpSockets: a8eb6b5867fe643e6cfed5db2e4de62f4d1e8fd0
  Yoga: 68c9c592c3e80ec37ff28db20eedb13d84aae5df
  YogaKit: f782866e155069a2cca2517aafea43200b01fd5a

PODFILE CHECKSUM: fd694c0ab939aefb80bba2f27e0565533b830453

COCOAPODS: 1.15.2
